// !$*UTF8*$!
{
	archiveVersion = 1;
	classes = {
	};
	objectVersion = 55;
	objects = {

/* Begin PBXBuildFile section */
		96BC32132744F51A00B45899 /* StoryTilingApp.swift in Sources */ = {isa = PBXBuildFile; fileRef = 96BC32122744F51A00B45899 /* StoryTilingApp.swift */; };
		96BC32152744F51A00B45899 /* ContentView.swift in Sources */ = {isa = PBXBuildFile; fileRef = 96BC32142744F51A00B45899 /* ContentView.swift */; };
		96BC32172744F51C00B45899 /* Assets.xcassets in Resources */ = {isa = PBXBuildFile; fileRef = 96BC32162744F51C00B45899 /* Assets.xcassets */; };
		96BC321A2744F51C00B45899 /* Preview Assets.xcassets in Resources */ = {isa = PBXBuildFile; fileRef = 96BC32192744F51C00B45899 /* Preview Assets.xcassets */; };
		96BC32242744F71B00B45899 /* StoryModel.swift in Sources */ = {isa = PBXBuildFile; fileRef = 96BC32232744F71B00B45899 /* StoryModel.swift */; };
		96BC32262744F73F00B45899 /* TileModel.swift in Sources */ = {isa = PBXBuildFile; fileRef = 96BC32252744F73F00B45899 /* TileModel.swift */; };
		96BC32282744F77400B45899 /* TileCategory.swift in Sources */ = {isa = PBXBuildFile; fileRef = 96BC32272744F77400B45899 /* TileCategory.swift */; };
		96BC322A2744F7C000B45899 /* Extensions.swift in Sources */ = {isa = PBXBuildFile; fileRef = 96BC32292744F7C000B45899 /* Extensions.swift */; };
		96BC322C2744F82800B45899 /* ViewModel.swift in Sources */ = {isa = PBXBuildFile; fileRef = 96BC322B2744F82800B45899 /* ViewModel.swift */; };
		96BC322E2744FA4F00B45899 /* LibraryView.swift in Sources */ = {isa = PBXBuildFile; fileRef = 96BC322D2744FA4F00B45899 /* LibraryView.swift */; };
		96BC32302744FB2C00B45899 /* LibraryRowView.swift in Sources */ = {isa = PBXBuildFile; fileRef = 96BC322F2744FB2C00B45899 /* LibraryRowView.swift */; };
		D272B1A52745196D00FA2896 /* CoverCustomizationView.swift in Sources */ = {isa = PBXBuildFile; fileRef = D272B1A42745196D00FA2896 /* CoverCustomizationView.swift */; };
/* End PBXBuildFile section */

/* Begin PBXFileReference section */
		96BC320F2744F51A00B45899 /* StoryTiling.app */ = {isa = PBXFileReference; explicitFileType = wrapper.application; includeInIndex = 0; path = StoryTiling.app; sourceTree = BUILT_PRODUCTS_DIR; };
		96BC32122744F51A00B45899 /* StoryTilingApp.swift */ = {isa = PBXFileReference; lastKnownFileType = sourcecode.swift; path = StoryTilingApp.swift; sourceTree = "<group>"; };
		96BC32142744F51A00B45899 /* ContentView.swift */ = {isa = PBXFileReference; lastKnownFileType = sourcecode.swift; path = ContentView.swift; sourceTree = "<group>"; };
		96BC32162744F51C00B45899 /* Assets.xcassets */ = {isa = PBXFileReference; lastKnownFileType = folder.assetcatalog; path = Assets.xcassets; sourceTree = "<group>"; };
		96BC32192744F51C00B45899 /* Preview Assets.xcassets */ = {isa = PBXFileReference; lastKnownFileType = folder.assetcatalog; path = "Preview Assets.xcassets"; sourceTree = "<group>"; };
		96BC32232744F71B00B45899 /* StoryModel.swift */ = {isa = PBXFileReference; lastKnownFileType = sourcecode.swift; path = StoryModel.swift; sourceTree = "<group>"; };
		96BC32252744F73F00B45899 /* TileModel.swift */ = {isa = PBXFileReference; lastKnownFileType = sourcecode.swift; path = TileModel.swift; sourceTree = "<group>"; };
		96BC32272744F77400B45899 /* TileCategory.swift */ = {isa = PBXFileReference; lastKnownFileType = sourcecode.swift; path = TileCategory.swift; sourceTree = "<group>"; };
		96BC32292744F7C000B45899 /* Extensions.swift */ = {isa = PBXFileReference; lastKnownFileType = sourcecode.swift; path = Extensions.swift; sourceTree = "<group>"; };
		96BC322B2744F82800B45899 /* ViewModel.swift */ = {isa = PBXFileReference; lastKnownFileType = sourcecode.swift; path = ViewModel.swift; sourceTree = "<group>"; };
		96BC322D2744FA4F00B45899 /* LibraryView.swift */ = {isa = PBXFileReference; lastKnownFileType = sourcecode.swift; path = LibraryView.swift; sourceTree = "<group>"; };
		96BC322F2744FB2C00B45899 /* LibraryRowView.swift */ = {isa = PBXFileReference; lastKnownFileType = sourcecode.swift; path = LibraryRowView.swift; sourceTree = "<group>"; };
		D272B1A42745196D00FA2896 /* CoverCustomizationView.swift */ = {isa = PBXFileReference; lastKnownFileType = sourcecode.swift; path = CoverCustomizationView.swift; sourceTree = "<group>"; };
/* End PBXFileReference section */

/* Begin PBXFrameworksBuildPhase section */
		96BC320C2744F51A00B45899 /* Frameworks */ = {
			isa = PBXFrameworksBuildPhase;
			buildActionMask = 2147483647;
			files = (
			);
			runOnlyForDeploymentPostprocessing = 0;
		};
/* End PBXFrameworksBuildPhase section */

/* Begin PBXGroup section */
		96BC32062744F51A00B45899 = {
			isa = PBXGroup;
			children = (
				96BC32112744F51A00B45899 /* StoryTiling */,
				96BC32102744F51A00B45899 /* Products */,
			);
			sourceTree = "<group>";
		};
		96BC32102744F51A00B45899 /* Products */ = {
			isa = PBXGroup;
			children = (
				96BC320F2744F51A00B45899 /* StoryTiling.app */,
			);
			name = Products;
			sourceTree = "<group>";
		};
		96BC32112744F51A00B45899 /* StoryTiling */ = {
			isa = PBXGroup;
			children = (
				96BC32122744F51A00B45899 /* StoryTilingApp.swift */,
				96BC32142744F51A00B45899 /* ContentView.swift */,
				96BC32222744F70F00B45899 /* Models */,
				96BC32212744F70500B45899 /* View Model */,
				96BC32202744F66F00B45899 /* Views */,
				96BC32162744F51C00B45899 /* Assets.xcassets */,
				96BC32182744F51C00B45899 /* Preview Content */,
			);
			path = StoryTiling;
			sourceTree = "<group>";
		};
		96BC32182744F51C00B45899 /* Preview Content */ = {
			isa = PBXGroup;
			children = (
				96BC32192744F51C00B45899 /* Preview Assets.xcassets */,
			);
			path = "Preview Content";
			sourceTree = "<group>";
		};
		96BC32202744F66F00B45899 /* Views */ = {
			isa = PBXGroup;
			children = (
				96BC322D2744FA4F00B45899 /* LibraryView.swift */,
				96BC322F2744FB2C00B45899 /* LibraryRowView.swift */,
				D272B1A42745196D00FA2896 /* CoverCustomizationView.swift */,
			);
			path = Views;
			sourceTree = "<group>";
		};
		96BC32212744F70500B45899 /* View Model */ = {
			isa = PBXGroup;
			children = (
				96BC322B2744F82800B45899 /* ViewModel.swift */,
			);
			path = "View Model";
			sourceTree = "<group>";
		};
		96BC32222744F70F00B45899 /* Models */ = {
			isa = PBXGroup;
			children = (
				96BC32232744F71B00B45899 /* StoryModel.swift */,
				96BC32252744F73F00B45899 /* TileModel.swift */,
				96BC32272744F77400B45899 /* TileCategory.swift */,
				96BC32292744F7C000B45899 /* Extensions.swift */,
			);
			path = Models;
			sourceTree = "<group>";
		};
/* End PBXGroup section */

/* Begin PBXNativeTarget section */
		96BC320E2744F51A00B45899 /* StoryTiling */ = {
			isa = PBXNativeTarget;
			buildConfigurationList = 96BC321D2744F51C00B45899 /* Build configuration list for PBXNativeTarget "StoryTiling" */;
			buildPhases = (
				96BC320B2744F51A00B45899 /* Sources */,
				96BC320C2744F51A00B45899 /* Frameworks */,
				96BC320D2744F51A00B45899 /* Resources */,
			);
			buildRules = (
			);
			dependencies = (
			);
			name = StoryTiling;
			productName = StoryTiling;
			productReference = 96BC320F2744F51A00B45899 /* StoryTiling.app */;
			productType = "com.apple.product-type.application";
		};
/* End PBXNativeTarget section */

/* Begin PBXProject section */
		96BC32072744F51A00B45899 /* Project object */ = {
			isa = PBXProject;
			attributes = {
				BuildIndependentTargetsInParallel = 1;
				LastSwiftUpdateCheck = 1310;
				LastUpgradeCheck = 1310;
				TargetAttributes = {
					96BC320E2744F51A00B45899 = {
						CreatedOnToolsVersion = 13.1;
					};
				};
			};
			buildConfigurationList = 96BC320A2744F51A00B45899 /* Build configuration list for PBXProject "StoryTiling" */;
			compatibilityVersion = "Xcode 13.0";
			developmentRegion = en;
			hasScannedForEncodings = 0;
			knownRegions = (
				en,
				Base,
			);
			mainGroup = 96BC32062744F51A00B45899;
			productRefGroup = 96BC32102744F51A00B45899 /* Products */;
			projectDirPath = "";
			projectRoot = "";
			targets = (
				96BC320E2744F51A00B45899 /* StoryTiling */,
			);
		};
/* End PBXProject section */

/* Begin PBXResourcesBuildPhase section */
		96BC320D2744F51A00B45899 /* Resources */ = {
			isa = PBXResourcesBuildPhase;
			buildActionMask = 2147483647;
			files = (
				96BC321A2744F51C00B45899 /* Preview Assets.xcassets in Resources */,
				96BC32172744F51C00B45899 /* Assets.xcassets in Resources */,
			);
			runOnlyForDeploymentPostprocessing = 0;
		};
/* End PBXResourcesBuildPhase section */

/* Begin PBXSourcesBuildPhase section */
		96BC320B2744F51A00B45899 /* Sources */ = {
			isa = PBXSourcesBuildPhase;
			buildActionMask = 2147483647;
			files = (
				96BC32242744F71B00B45899 /* StoryModel.swift in Sources */,
				96BC322A2744F7C000B45899 /* Extensions.swift in Sources */,
				96BC32282744F77400B45899 /* TileCategory.swift in Sources */,
				96BC32262744F73F00B45899 /* TileModel.swift in Sources */,
				96BC322E2744FA4F00B45899 /* LibraryView.swift in Sources */,
				96BC32152744F51A00B45899 /* ContentView.swift in Sources */,
				96BC32132744F51A00B45899 /* StoryTilingApp.swift in Sources */,
				96BC322C2744F82800B45899 /* ViewModel.swift in Sources */,
				D272B1A52745196D00FA2896 /* CoverCustomizationView.swift in Sources */,
				96BC32302744FB2C00B45899 /* LibraryRowView.swift in Sources */,
			);
			runOnlyForDeploymentPostprocessing = 0;
		};
/* End PBXSourcesBuildPhase section */

/* Begin XCBuildConfiguration section */
		96BC321B2744F51C00B45899 /* Debug */ = {
			isa = XCBuildConfiguration;
			buildSettings = {
				ALWAYS_SEARCH_USER_PATHS = NO;
				CLANG_ANALYZER_NONNULL = YES;
				CLANG_ANALYZER_NUMBER_OBJECT_CONVERSION = YES_AGGRESSIVE;
				CLANG_CXX_LANGUAGE_STANDARD = "gnu++17";
				CLANG_CXX_LIBRARY = "libc++";
				CLANG_ENABLE_MODULES = YES;
				CLANG_ENABLE_OBJC_ARC = YES;
				CLANG_ENABLE_OBJC_WEAK = YES;
				CLANG_WARN_BLOCK_CAPTURE_AUTORELEASING = YES;
				CLANG_WARN_BOOL_CONVERSION = YES;
				CLANG_WARN_COMMA = YES;
				CLANG_WARN_CONSTANT_CONVERSION = YES;
				CLANG_WARN_DEPRECATED_OBJC_IMPLEMENTATIONS = YES;
				CLANG_WARN_DIRECT_OBJC_ISA_USAGE = YES_ERROR;
				CLANG_WARN_DOCUMENTATION_COMMENTS = YES;
				CLANG_WARN_EMPTY_BODY = YES;
				CLANG_WARN_ENUM_CONVERSION = YES;
				CLANG_WARN_INFINITE_RECURSION = YES;
				CLANG_WARN_INT_CONVERSION = YES;
				CLANG_WARN_NON_LITERAL_NULL_CONVERSION = YES;
				CLANG_WARN_OBJC_IMPLICIT_RETAIN_SELF = YES;
				CLANG_WARN_OBJC_LITERAL_CONVERSION = YES;
				CLANG_WARN_OBJC_ROOT_CLASS = YES_ERROR;
				CLANG_WARN_QUOTED_INCLUDE_IN_FRAMEWORK_HEADER = YES;
				CLANG_WARN_RANGE_LOOP_ANALYSIS = YES;
				CLANG_WARN_STRICT_PROTOTYPES = YES;
				CLANG_WARN_SUSPICIOUS_MOVE = YES;
				CLANG_WARN_UNGUARDED_AVAILABILITY = YES_AGGRESSIVE;
				CLANG_WARN_UNREACHABLE_CODE = YES;
				CLANG_WARN__DUPLICATE_METHOD_MATCH = YES;
				COPY_PHASE_STRIP = NO;
				DEBUG_INFORMATION_FORMAT = dwarf;
				ENABLE_STRICT_OBJC_MSGSEND = YES;
				ENABLE_TESTABILITY = YES;
				GCC_C_LANGUAGE_STANDARD = gnu11;
				GCC_DYNAMIC_NO_PIC = NO;
				GCC_NO_COMMON_BLOCKS = YES;
				GCC_OPTIMIZATION_LEVEL = 0;
				GCC_PREPROCESSOR_DEFINITIONS = (
					"DEBUG=1",
					"$(inherited)",
				);
				GCC_WARN_64_TO_32_BIT_CONVERSION = YES;
				GCC_WARN_ABOUT_RETURN_TYPE = YES_ERROR;
				GCC_WARN_UNDECLARED_SELECTOR = YES;
				GCC_WARN_UNINITIALIZED_AUTOS = YES_AGGRESSIVE;
				GCC_WARN_UNUSED_FUNCTION = YES;
				GCC_WARN_UNUSED_VARIABLE = YES;
				IPHONEOS_DEPLOYMENT_TARGET = 15.0;
				MTL_ENABLE_DEBUG_INFO = INCLUDE_SOURCE;
				MTL_FAST_MATH = YES;
				ONLY_ACTIVE_ARCH = YES;
				SDKROOT = iphoneos;
				SWIFT_ACTIVE_COMPILATION_CONDITIONS = DEBUG;
				SWIFT_OPTIMIZATION_LEVEL = "-Onone";
			};
			name = Debug;
		};
		96BC321C2744F51C00B45899 /* Release */ = {
			isa = XCBuildConfiguration;
			buildSettings = {
				ALWAYS_SEARCH_USER_PATHS = NO;
				CLANG_ANALYZER_NONNULL = YES;
				CLANG_ANALYZER_NUMBER_OBJECT_CONVERSION = YES_AGGRESSIVE;
				CLANG_CXX_LANGUAGE_STANDARD = "gnu++17";
				CLANG_CXX_LIBRARY = "libc++";
				CLANG_ENABLE_MODULES = YES;
				CLANG_ENABLE_OBJC_ARC = YES;
				CLANG_ENABLE_OBJC_WEAK = YES;
				CLANG_WARN_BLOCK_CAPTURE_AUTORELEASING = YES;
				CLANG_WARN_BOOL_CONVERSION = YES;
				CLANG_WARN_COMMA = YES;
				CLANG_WARN_CONSTANT_CONVERSION = YES;
				CLANG_WARN_DEPRECATED_OBJC_IMPLEMENTATIONS = YES;
				CLANG_WARN_DIRECT_OBJC_ISA_USAGE = YES_ERROR;
				CLANG_WARN_DOCUMENTATION_COMMENTS = YES;
				CLANG_WARN_EMPTY_BODY = YES;
				CLANG_WARN_ENUM_CONVERSION = YES;
				CLANG_WARN_INFINITE_RECURSION = YES;
				CLANG_WARN_INT_CONVERSION = YES;
				CLANG_WARN_NON_LITERAL_NULL_CONVERSION = YES;
				CLANG_WARN_OBJC_IMPLICIT_RETAIN_SELF = YES;
				CLANG_WARN_OBJC_LITERAL_CONVERSION = YES;
				CLANG_WARN_OBJC_ROOT_CLASS = YES_ERROR;
				CLANG_WARN_QUOTED_INCLUDE_IN_FRAMEWORK_HEADER = YES;
				CLANG_WARN_RANGE_LOOP_ANALYSIS = YES;
				CLANG_WARN_STRICT_PROTOTYPES = YES;
				CLANG_WARN_SUSPICIOUS_MOVE = YES;
				CLANG_WARN_UNGUARDED_AVAILABILITY = YES_AGGRESSIVE;
				CLANG_WARN_UNREACHABLE_CODE = YES;
				CLANG_WARN__DUPLICATE_METHOD_MATCH = YES;
				COPY_PHASE_STRIP = NO;
				DEBUG_INFORMATION_FORMAT = "dwarf-with-dsym";
				ENABLE_NS_ASSERTIONS = NO;
				ENABLE_STRICT_OBJC_MSGSEND = YES;
				GCC_C_LANGUAGE_STANDARD = gnu11;
				GCC_NO_COMMON_BLOCKS = YES;
				GCC_WARN_64_TO_32_BIT_CONVERSION = YES;
				GCC_WARN_ABOUT_RETURN_TYPE = YES_ERROR;
				GCC_WARN_UNDECLARED_SELECTOR = YES;
				GCC_WARN_UNINITIALIZED_AUTOS = YES_AGGRESSIVE;
				GCC_WARN_UNUSED_FUNCTION = YES;
				GCC_WARN_UNUSED_VARIABLE = YES;
				IPHONEOS_DEPLOYMENT_TARGET = 15.0;
				MTL_ENABLE_DEBUG_INFO = NO;
				MTL_FAST_MATH = YES;
				SDKROOT = iphoneos;
				SWIFT_COMPILATION_MODE = wholemodule;
				SWIFT_OPTIMIZATION_LEVEL = "-O";
				VALIDATE_PRODUCT = YES;
			};
			name = Release;
		};
		96BC321E2744F51C00B45899 /* Debug */ = {
			isa = XCBuildConfiguration;
			buildSettings = {
				ASSETCATALOG_COMPILER_APPICON_NAME = AppIcon;
				ASSETCATALOG_COMPILER_GLOBAL_ACCENT_COLOR_NAME = AccentColor;
				CODE_SIGN_STYLE = Automatic;
				CURRENT_PROJECT_VERSION = 1;
				DEVELOPMENT_ASSET_PATHS = "\"StoryTiling/Preview Content\"";
				DEVELOPMENT_TEAM = Q6DV6C6352;
				ENABLE_PREVIEWS = YES;
				GENERATE_INFOPLIST_FILE = YES;
				INFOPLIST_KEY_UIApplicationSceneManifest_Generation = YES;
				INFOPLIST_KEY_UIApplicationSupportsIndirectInputEvents = YES;
				INFOPLIST_KEY_UILaunchScreen_Generation = YES;
				INFOPLIST_KEY_UISupportedInterfaceOrientations_iPad = "UIInterfaceOrientationPortrait UIInterfaceOrientationPortraitUpsideDown UIInterfaceOrientationLandscapeLeft UIInterfaceOrientationLandscapeRight";
				INFOPLIST_KEY_UISupportedInterfaceOrientations_iPhone = "UIInterfaceOrientationPortrait UIInterfaceOrientationLandscapeLeft UIInterfaceOrientationLandscapeRight";
				LD_RUNPATH_SEARCH_PATHS = (
					"$(inherited)",
					"@executable_path/Frameworks",
				);
				MARKETING_VERSION = 1.0;
				PRODUCT_BUNDLE_IDENTIFIER = yann.StoryTiling;
				PRODUCT_NAME = "$(TARGET_NAME)";
				SWIFT_EMIT_LOC_STRINGS = YES;
				SWIFT_VERSION = 5.0;
				TARGETED_DEVICE_FAMILY = "1,2";
			};
			name = Debug;
		};
		96BC321F2744F51C00B45899 /* Release */ = {
			isa = XCBuildConfiguration;
			buildSettings = {
				ASSETCATALOG_COMPILER_APPICON_NAME = AppIcon;
				ASSETCATALOG_COMPILER_GLOBAL_ACCENT_COLOR_NAME = AccentColor;
				CODE_SIGN_STYLE = Automatic;
				CURRENT_PROJECT_VERSION = 1;
				DEVELOPMENT_ASSET_PATHS = "\"StoryTiling/Preview Content\"";
				DEVELOPMENT_TEAM = Q6DV6C6352;
				ENABLE_PREVIEWS = YES;
				GENERATE_INFOPLIST_FILE = YES;
				INFOPLIST_KEY_UIApplicationSceneManifest_Generation = YES;
				INFOPLIST_KEY_UIApplicationSupportsIndirectInputEvents = YES;
				INFOPLIST_KEY_UILaunchScreen_Generation = YES;
				INFOPLIST_KEY_UISupportedInterfaceOrientations_iPad = "UIInterfaceOrientationPortrait UIInterfaceOrientationPortraitUpsideDown UIInterfaceOrientationLandscapeLeft UIInterfaceOrientationLandscapeRight";
				INFOPLIST_KEY_UISupportedInterfaceOrientations_iPhone = "UIInterfaceOrientationPortrait UIInterfaceOrientationLandscapeLeft UIInterfaceOrientationLandscapeRight";
				LD_RUNPATH_SEARCH_PATHS = (
					"$(inherited)",
					"@executable_path/Frameworks",
				);
				MARKETING_VERSION = 1.0;
				PRODUCT_BUNDLE_IDENTIFIER = yann.StoryTiling;
				PRODUCT_NAME = "$(TARGET_NAME)";
				SWIFT_EMIT_LOC_STRINGS = YES;
				SWIFT_VERSION = 5.0;
				TARGETED_DEVICE_FAMILY = "1,2";
			};
			name = Release;
		};
/* End XCBuildConfiguration section */

/* Begin XCConfigurationList section */
		96BC320A2744F51A00B45899 /* Build configuration list for PBXProject "StoryTiling" */ = {
			isa = XCConfigurationList;
			buildConfigurations = (
				96BC321B2744F51C00B45899 /* Debug */,
				96BC321C2744F51C00B45899 /* Release */,
			);
			defaultConfigurationIsVisible = 0;
			defaultConfigurationName = Release;
		};
		96BC321D2744F51C00B45899 /* Build configuration list for PBXNativeTarget "StoryTiling" */ = {
			isa = XCConfigurationList;
			buildConfigurations = (
				96BC321E2744F51C00B45899 /* Debug */,
				96BC321F2744F51C00B45899 /* Release */,
			);
			defaultConfigurationIsVisible = 0;
			defaultConfigurationName = Release;
		};
/* End XCConfigurationList section */
	};
	rootObject = 96BC32072744F51A00B45899 /* Project object */;
}
